// !$*UTF8*$!
{
	archiveVersion = 1;
	classes = {
	};
	objectVersion = 48;
	objects = {

/* Begin PBXBuildFile section */
		1EA5D4E9204735460036558B /* AppDelegate.swift in Sources */ = {isa = PBXBuildFile; fileRef = 1EA5D4E8204735460036558B /* AppDelegate.swift */; };
		1EA5D4EB204735460036558B /* ViewController.swift in Sources */ = {isa = PBXBuildFile; fileRef = 1EA5D4EA204735460036558B /* ViewController.swift */; };
		1EA5D4EE204735470036558B /* Main.storyboard in Resources */ = {isa = PBXBuildFile; fileRef = 1EA5D4EC204735470036558B /* Main.storyboard */; };
		1EA5D4F1204735470036558B /* WebSampleApp.xcdatamodeld in Sources */ = {isa = PBXBuildFile; fileRef = 1EA5D4EF204735470036558B /* WebSampleApp.xcdatamodeld */; };
		1EA5D4F3204735470036558B /* Assets.xcassets in Resources */ = {isa = PBXBuildFile; fileRef = 1EA5D4F2204735470036558B /* Assets.xcassets */; };
		1EA5D4F6204735470036558B /* LaunchScreen.storyboard in Resources */ = {isa = PBXBuildFile; fileRef = 1EA5D4F4204735470036558B /* LaunchScreen.storyboard */; };
/* End PBXBuildFile section */

/* Begin PBXFileReference section */
		1EA5D4E5204735460036558B /* WebSampleApp.app */ = {isa = PBXFileReference; explicitFileType = wrapper.application; includeInIndex = 0; path = WebSampleApp.app; sourceTree = BUILT_PRODUCTS_DIR; };
		1EA5D4E8204735460036558B /* AppDelegate.swift */ = {isa = PBXFileReference; lastKnownFileType = sourcecode.swift; path = AppDelegate.swift; sourceTree = "<group>"; };
		1EA5D4EA204735460036558B /* ViewController.swift */ = {isa = PBXFileReference; lastKnownFileType = sourcecode.swift; path = ViewController.swift; sourceTree = "<group>"; };
		1EA5D4ED204735470036558B /* Base */ = {isa = PBXFileReference; lastKnownFileType = file.storyboard; name = Base; path = Base.lproj/Main.storyboard; sourceTree = "<group>"; };
		1EA5D4F0204735470036558B /* WebSampleApp.xcdatamodel */ = {isa = PBXFileReference; lastKnownFileType = wrapper.xcdatamodel; path = WebSampleApp.xcdatamodel; sourceTree = "<group>"; };
		1EA5D4F2204735470036558B /* Assets.xcassets */ = {isa = PBXFileReference; lastKnownFileType = folder.assetcatalog; path = Assets.xcassets; sourceTree = "<group>"; };
		1EA5D4F5204735470036558B /* Base */ = {isa = PBXFileReference; lastKnownFileType = file.storyboard; name = Base; path = Base.lproj/LaunchScreen.storyboard; sourceTree = "<group>"; };
		1EA5D4F7204735470036558B /* Info.plist */ = {isa = PBXFileReference; lastKnownFileType = text.plist.xml; path = Info.plist; sourceTree = "<group>"; };
/* End PBXFileReference section */

/* Begin PBXFrameworksBuildPhase section */
		1EA5D4E2204735460036558B /* Frameworks */ = {
			isa = PBXFrameworksBuildPhase;
			buildActionMask = 2147483647;
			files = (
			);
			runOnlyForDeploymentPostprocessing = 0;
		};
/* End PBXFrameworksBuildPhase section */

/* Begin PBXGroup section */
		1EA5D4DC204735460036558B = {
			isa = PBXGroup;
			children = (
				1EA5D4E7204735460036558B /* WebSampleApp */,
				1EA5D4E6204735460036558B /* Products */,
			);
			sourceTree = "<group>";
		};
		1EA5D4E6204735460036558B /* Products */ = {
			isa = PBXGroup;
			children = (
				1EA5D4E5204735460036558B /* WebSampleApp.app */,
			);
			name = Products;
			sourceTree = "<group>";
		};
		1EA5D4E7204735460036558B /* WebSampleApp */ = {
			isa = PBXGroup;
			children = (
				1EA5D4E8204735460036558B /* AppDelegate.swift */,
				1EA5D4EA204735460036558B /* ViewController.swift */,
				1EA5D4EC204735470036558B /* Main.storyboard */,
				1EA5D4F2204735470036558B /* Assets.xcassets */,
				1EA5D4F4204735470036558B /* LaunchScreen.storyboard */,
				1EA5D4F7204735470036558B /* Info.plist */,
				1EA5D4EF204735470036558B /* WebSampleApp.xcdatamodeld */,
			);
			path = WebSampleApp;
			sourceTree = "<group>";
		};
/* End PBXGroup section */

/* Begin PBXNativeTarget section */
		1EA5D4E4204735460036558B /* WebSampleApp */ = {
			isa = PBXNativeTarget;
			buildConfigurationList = 1EA5D4FA204735470036558B /* Build configuration list for PBXNativeTarget "WebSampleApp" */;
			buildPhases = (
				1EA5D4E1204735460036558B /* Sources */,
				1EA5D4E2204735460036558B /* Frameworks */,
				1EA5D4E3204735460036558B /* Resources */,
			);
			buildRules = (
			);
			dependencies = (
			);
			name = WebSampleApp;
			productName = WebSampleApp;
			productReference = 1EA5D4E5204735460036558B /* WebSampleApp.app */;
			productType = "com.apple.product-type.application";
		};
/* End PBXNativeTarget section */

/* Begin PBXProject section */
		1EA5D4DD204735460036558B /* Project object */ = {
			isa = PBXProject;
			attributes = {
				LastSwiftUpdateCheck = 0920;
				LastUpgradeCheck = 0920;
				ORGANIZATIONNAME = RyoMotoki;
				TargetAttributes = {
					1EA5D4E4204735460036558B = {
						CreatedOnToolsVersion = 9.2;
						ProvisioningStyle = Automatic;
					};
				};
			};
			buildConfigurationList = 1EA5D4E0204735460036558B /* Build configuration list for PBXProject "WebSampleApp" */;
			compatibilityVersion = "Xcode 8.0";
			developmentRegion = en;
			hasScannedForEncodings = 0;
			knownRegions = (
				en,
				Base,
			);
			mainGroup = 1EA5D4DC204735460036558B;
			productRefGroup = 1EA5D4E6204735460036558B /* Products */;
			projectDirPath = "";
			projectRoot = "";
			targets = (
				1EA5D4E4204735460036558B /* WebSampleApp */,
			);
		};
/* End PBXProject section */

/* Begin PBXResourcesBuildPhase section */
		1EA5D4E3204735460036558B /* Resources */ = {
			isa = PBXResourcesBuildPhase;
			buildActionMask = 2147483647;
			files = (
				1EA5D4F6204735470036558B /* LaunchScreen.storyboard in Resources */,
				1EA5D4F3204735470036558B /* Assets.xcassets in Resources */,
				1EA5D4EE204735470036558B /* Main.storyboard in Resources */,
			);
			runOnlyForDeploymentPostprocessing = 0;
		};
/* End PBXResourcesBuildPhase section */

/* Begin PBXSourcesBuildPhase section */
		1EA5D4E1204735460036558B /* Sources */ = {
			isa = PBXSourcesBuildPhase;
			buildActionMask = 2147483647;
			files = (
				1EA5D4EB204735460036558B /* ViewController.swift in Sources */,
				1EA5D4E9204735460036558B /* AppDelegate.swift in Sources */,
				1EA5D4F1204735470036558B /* WebSampleApp.xcdatamodeld in Sources */,
			);
			runOnlyForDeploymentPostprocessing = 0;
		};
/* End PBXSourcesBuildPhase section */

/* Begin PBXVariantGroup section */
		1EA5D4EC204735470036558B /* Main.storyboard */ = {
			isa = PBXVariantGroup;
			children = (
				1EA5D4ED204735470036558B /* Base */,
			);
			name = Main.storyboard;
			sourceTree = "<group>";
		};
		1EA5D4F4204735470036558B /* LaunchScreen.storyboard */ = {
			isa = PBXVariantGroup;
			children = (
				1EA5D4F5204735470036558B /* Base */,
			);
			name = LaunchScreen.storyboard;
			sourceTree = "<group>";
		};
/* End PBXVariantGroup section */

/* Begin XCBuildConfiguration section */
		1EA5D4F8204735470036558B /* Debug */ = {
			isa = XCBuildConfiguration;
			buildSettings = {
				ALWAYS_SEARCH_USER_PATHS = NO;
				CLANG_ANALYZER_NONNULL = YES;
				CLANG_ANALYZER_NUMBER_OBJECT_CONVERSION = YES_AGGRESSIVE;
				CLANG_CXX_LANGUAGE_STANDARD = "gnu++14";
				CLANG_CXX_LIBRARY = "libc++";
				CLANG_ENABLE_MODULES = YES;
				CLANG_ENABLE_OBJC_ARC = YES;
				CLANG_WARN_BLOCK_CAPTURE_AUTORELEASING = YES;
				CLANG_WARN_BOOL_CONVERSION = YES;
				CLANG_WARN_COMMA = YES;
				CLANG_WARN_CONSTANT_CONVERSION = YES;
				CLANG_WARN_DIRECT_OBJC_ISA_USAGE = YES_ERROR;
				CLANG_WARN_DOCUMENTATION_COMMENTS = YES;
				CLANG_WARN_EMPTY_BODY = YES;
				CLANG_WARN_ENUM_CONVERSION = YES;
				CLANG_WARN_INFINITE_RECURSION = YES;
				CLANG_WARN_INT_CONVERSION = YES;
				CLANG_WARN_NON_LITERAL_NULL_CONVERSION = YES;
				CLANG_WARN_OBJC_LITERAL_CONVERSION = YES;
				CLANG_WARN_OBJC_ROOT_CLASS = YES_ERROR;
				CLANG_WARN_RANGE_LOOP_ANALYSIS = YES;
				CLANG_WARN_STRICT_PROTOTYPES = YES;
				CLANG_WARN_SUSPICIOUS_MOVE = YES;
				CLANG_WARN_UNGUARDED_AVAILABILITY = YES_AGGRESSIVE;
				CLANG_WARN_UNREACHABLE_CODE = YES;
				CLANG_WARN__DUPLICATE_METHOD_MATCH = YES;
				CODE_SIGN_IDENTITY = "iPhone Developer";
				COPY_PHASE_STRIP = NO;
				DEBUG_INFORMATION_FORMAT = dwarf;
				ENABLE_STRICT_OBJC_MSGSEND = YES;
				ENABLE_TESTABILITY = YES;
				GCC_C_LANGUAGE_STANDARD = gnu11;
				GCC_DYNAMIC_NO_PIC = NO;
				GCC_NO_COMMON_BLOCKS = YES;
				GCC_OPTIMIZATION_LEVEL = 0;
				GCC_PREPROCESSOR_DEFINITIONS = (
					"DEBUG=1",
					"$(inherited)",
				);
				GCC_WARN_64_TO_32_BIT_CONVERSION = YES;
				GCC_WARN_ABOUT_RETURN_TYPE = YES_ERROR;
				GCC_WARN_UNDECLARED_SELECTOR = YES;
				GCC_WARN_UNINITIALIZED_AUTOS = YES_AGGRESSIVE;
				GCC_WARN_UNUSED_FUNCTION = YES;
				GCC_WARN_UNUSED_VARIABLE = YES;
				IPHONEOS_DEPLOYMENT_TARGET = 11.2;
				MTL_ENABLE_DEBUG_INFO = YES;
				ONLY_ACTIVE_ARCH = YES;
				SDKROOT = iphoneos;
				SWIFT_ACTIVE_COMPILATION_CONDITIONS = DEBUG;
				SWIFT_OPTIMIZATION_LEVEL = "-Onone";
			};
			name = Debug;
		};
		1EA5D4F9204735470036558B /* Release */ = {
			isa = XCBuildConfiguration;
			buildSettings = {
				ALWAYS_SEARCH_USER_PATHS = NO;
				CLANG_ANALYZER_NONNULL = YES;
				CLANG_ANALYZER_NUMBER_OBJECT_CONVERSION = YES_AGGRESSIVE;
				CLANG_CXX_LANGUAGE_STANDARD = "gnu++14";
				CLANG_CXX_LIBRARY = "libc++";
				CLANG_ENABLE_MODULES = YES;
				CLANG_ENABLE_OBJC_ARC = YES;
				CLANG_WARN_BLOCK_CAPTURE_AUTORELEASING = YES;
				CLANG_WARN_BOOL_CONVERSION = YES;
				CLANG_WARN_COMMA = YES;
				CLANG_WARN_CONSTANT_CONVERSION = YES;
				CLANG_WARN_DIRECT_OBJC_ISA_USAGE = YES_ERROR;
				CLANG_WARN_DOCUMENTATION_COMMENTS = YES;
				CLANG_WARN_EMPTY_BODY = YES;
				CLANG_WARN_ENUM_CONVERSION = YES;
				CLANG_WARN_INFINITE_RECURSION = YES;
				CLANG_WARN_INT_CONVERSION = YES;
				CLANG_WARN_NON_LITERAL_NULL_CONVERSION = YES;
				CLANG_WARN_OBJC_LITERAL_CONVERSION = YES;
				CLANG_WARN_OBJC_ROOT_CLASS = YES_ERROR;
				CLANG_WARN_RANGE_LOOP_ANALYSIS = YES;
				CLANG_WARN_STRICT_PROTOTYPES = YES;
				CLANG_WARN_SUSPICIOUS_MOVE = YES;
				CLANG_WARN_UNGUARDED_AVAILABILITY = YES_AGGRESSIVE;
				CLANG_WARN_UNREACHABLE_CODE = YES;
				CLANG_WARN__DUPLICATE_METHOD_MATCH = YES;
				CODE_SIGN_IDENTITY = "iPhone Developer";
				COPY_PHASE_STRIP = NO;
				DEBUG_INFORMATION_FORMAT = "dwarf-with-dsym";
				ENABLE_NS_ASSERTIONS = NO;
				ENABLE_STRICT_OBJC_MSGSEND = YES;
				GCC_C_LANGUAGE_STANDARD = gnu11;
				GCC_NO_COMMON_BLOCKS = YES;
				GCC_WARN_64_TO_32_BIT_CONVERSION = YES;
				GCC_WARN_ABOUT_RETURN_TYPE = YES_ERROR;
				GCC_WARN_UNDECLARED_SELECTOR = YES;
				GCC_WARN_UNINITIALIZED_AUTOS = YES_AGGRESSIVE;
				GCC_WARN_UNUSED_FUNCTION = YES;
				GCC_WARN_UNUSED_VARIABLE = YES;
				IPHONEOS_DEPLOYMENT_TARGET = 11.2;
				MTL_ENABLE_DEBUG_INFO = NO;
				SDKROOT = iphoneos;
				SWIFT_OPTIMIZATION_LEVEL = "-Owholemodule";
				VALIDATE_PRODUCT = YES;
			};
			name = Release;
		};
		1EA5D4FB204735470036558B /* Debug */ = {
			isa = XCBuildConfiguration;
			buildSettings = {
				ASSETCATALOG_COMPILER_APPICON_NAME = AppIcon;
				CODE_SIGN_STYLE = Automatic;
				DEVELOPMENT_TEAM = RG924NK39E;
				INFOPLIST_FILE = WebSampleApp/Info.plist;
				LD_RUNPATH_SEARCH_PATHS = "$(inherited) @executable_path/Frameworks";
				PRODUCT_BUNDLE_IDENTIFIER = net.ryo.WebSampleApp;
				PRODUCT_NAME = "$(TARGET_NAME)";
				SWIFT_VERSION = 4.0;
				TARGETED_DEVICE_FAMILY = "1,2";
			};
			name = Debug;
		};
		1EA5D4FC204735470036558B /* Release */ = {
			isa = XCBuildConfiguration;
			buildSettings = {
				ASSETCATALOG_COMPILER_APPICON_NAME = AppIcon;
				CODE_SIGN_STYLE = Automatic;
				DEVELOPMENT_TEAM = RG924NK39E;
				INFOPLIST_FILE = WebSampleApp/Info.plist;
				LD_RUNPATH_SEARCH_PATHS = "$(inherited) @executable_path/Frameworks";
				PRODUCT_BUNDLE_IDENTIFIER = net.ryo.WebSampleApp;
				PRODUCT_NAME = "$(TARGET_NAME)";
				SWIFT_VERSION = 4.0;
				TARGETED_DEVICE_FAMILY = "1,2";
			};
			name = Release;
		};
/* End XCBuildConfiguration section */

/* Begin XCConfigurationList section */
		1EA5D4E0204735460036558B /* Build configuration list for PBXProject "WebSampleApp" */ = {
			isa = XCConfigurationList;
			buildConfigurations = (
				1EA5D4F8204735470036558B /* Debug */,
				1EA5D4F9204735470036558B /* Release */,
			);
			defaultConfigurationIsVisible = 0;
			defaultConfigurationName = Release;
		};
		1EA5D4FA204735470036558B /* Build configuration list for PBXNativeTarget "WebSampleApp" */ = {
			isa = XCConfigurationList;
			buildConfigurations = (
				1EA5D4FB204735470036558B /* Debug */,
				1EA5D4FC204735470036558B /* Release */,
			);
			defaultConfigurationIsVisible = 0;
			defaultConfigurationName = Release;
		};
/* End XCConfigurationList section */

/* Begin XCVersionGroup section */
		1EA5D4EF204735470036558B /* WebSampleApp.xcdatamodeld */ = {
			isa = XCVersionGroup;
			children = (
				1EA5D4F0204735470036558B /* WebSampleApp.xcdatamodel */,
			);
			currentVersion = 1EA5D4F0204735470036558B /* WebSampleApp.xcdatamodel */;
			path = WebSampleApp.xcdatamodeld;
			sourceTree = "<group>";
			versionGroupType = wrapper.xcdatamodel;
		};
/* End XCVersionGroup section */
	};
	rootObject = 1EA5D4DD204735460036558B /* Project object */;
}
